{
  "name": "day2",
  "lockfileVersion": 3,
  "requires": true,
  "packages": {
    "": {
      "dependencies": {
        "numbers": "file:../modules/numbers",
        "strings": "file:../modules/strings"
      }
    },
    "../modules/numbers": {
      "version": "1.0.0",
      "license": "ISC"
    },
    "../modules/strings": {
      "version": "1.0.0",
      "license": "ISC"
    },
    "node_modules/numbers": {
      "resolved": "../modules/numbers",
      "link": true
    },
    "node_modules/strings": {
      "resolved": "../modules/strings",
      "link": true
    }
  }
}
