{
  "name": "aoc-2020-day1",
  "version": "1.0.0",
  "lockfileVersion": 3,
  "requires": true,
  "packages": {
    "": {
      "name": "aoc-2020-day1",
      "version": "1.0.0",
      "license": "ISC",
      "dependencies": {
        "numbers": "file:../modules/numbers"
      }
    },
    "../modules/numbers": {
      "version": "1.0.0",
      "license": "ISC"
    },
    "node_modules/numbers": {
      "resolved": "../modules/numbers",
      "link": true
    }
  }
}
